
Microsoft Visual Studio Solution File, Format Version 12.00
# Visual Studio 15
Project("{FAE04EC0-301F-11D3-BF4B-00C04F79EFBC}") = "CurrencyConverter2", "CurrencyConverter2\CurrencyConverter2.csproj", "{8A783E8B-93D2-4CC7-B79F-FC4CC9A6D509}"
EndProject
Global
	GlobalSection(SolutionConfigurationPlatforms) = preSolution
		Debug|Any CPU = Debug|Any CPU
		Release|Any CPU = Release|Any CPU
	EndGlobalSection
	GlobalSection(ProjectConfigurationPlatforms) = postSolution
		{8A783E8B-93D2-4CC7-B79F-FC4CC9A6D509}.Debug|Any CPU.ActiveCfg = Debug|Any CPU
		{8A783E8B-93D2-4CC7-B79F-FC4CC9A6D509}.Debug|Any CPU.Build.0 = Debug|Any CPU
		{8A783E8B-93D2-4CC7-B79F-FC4CC9A6D509}.Release|Any CPU.ActiveCfg = Release|Any CPU
		{8A783E8B-93D2-4CC7-B79F-FC4CC9A6D509}.Release|Any CPU.Build.0 = Release|Any CPU
	EndGlobalSection
EndGlobal
